{
  "name": "b",
  "version": "1.0.0",
  "lockfileVersion": 2,
  "requires": true,
  "packages": {
    "": {
      "version": "1.0.0",
      "dependencies": {
        "typescript": "^4.2.4"
      }
    },
    "node_modules/typescript": {
      "version": "4.2.4",
      "license": "Apache-2.0",
      "bin": {
        "tsc": "bin/tsc",
        "tsserver": "bin/tsserver"
      },
      "engines": {
        "node": ">=4.2.0"
      }
    }
  },
  "dependencies": {
    "typescript": {
      "version": "4.2.4"
    }
  }
}
